
Microsoft Visual Studio Solution File, Format Version 12.00
# Visual Studio Version 16
VisualStudioVersion = 16.0.28407.52
MinimumVisualStudioVersion = 10.0.40219.1
Project("{8BC9CEB8-8B4A-11D0-8D11-00A0C91BC942}") = "mapping", "mapping\mapping.vcxproj", "{5FADA5CC-B87B-48C4-ADA5-8BDA42168297}"
EndProject
Global
	GlobalSection(SolutionConfigurationPlatforms) = preSolution
		Debug|x64 = Debug|x64
		Debug|x86 = Debug|x86
		Release|x64 = Release|x64
		Release|x86 = Release|x86
	EndGlobalSection
	GlobalSection(ProjectConfigurationPlatforms) = postSolution
		{5FADA5CC-B87B-48C4-ADA5-8BDA42168297}.Debug|x64.ActiveCfg = Debug|x64
		{5FADA5CC-B87B-48C4-ADA5-8BDA42168297}.Debug|x64.Build.0 = Debug|x64
		{5FADA5CC-B87B-48C4-ADA5-8BDA42168297}.Debug|x86.ActiveCfg = Debug|Win32
		{5FADA5CC-B87B-48C4-ADA5-8BDA42168297}.Debug|x86.Build.0 = Debug|Win32
		{5FADA5CC-B87B-48C4-ADA5-8BDA42168297}.Release|x64.ActiveCfg = Release|x64
		{5FADA5CC-B87B-48C4-ADA5-8BDA42168297}.Release|x64.Build.0 = Release|x64
		{5FADA5CC-B87B-48C4-ADA5-8BDA42168297}.Release|x86.ActiveCfg = Release|Win32
		{5FADA5CC-B87B-48C4-ADA5-8BDA42168297}.Release|x86.Build.0 = Release|Win32
	EndGlobalSection
	GlobalSection(SolutionProperties) = preSolution
		HideSolutionNode = FALSE
	EndGlobalSection
	GlobalSection(ExtensibilityGlobals) = postSolution
		SolutionGuid = {0975F44A-7EFA-4E60-8632-71624008273A}
	EndGlobalSection
EndGlobal
